
Microsoft Visual Studio Solution File, Format Version 12.00
# Visual Studio Version 16
VisualStudioVersion = 16.0.28803.202
MinimumVisualStudioVersion = 10.0.40219.1
Project("{FAE04EC0-301F-11D3-BF4B-00C04F79EFBC}") = "GenericPract", "GenericPract\GenericPract.csproj", "{DBA81837-82BF-4184-BF79-C076CA112EA0}"
EndProject
Global
	GlobalSection(SolutionConfigurationPlatforms) = preSolution
		Debug|Any CPU = Debug|Any CPU
		Release|Any CPU = Release|Any CPU
	EndGlobalSection
	GlobalSection(ProjectConfigurationPlatforms) = postSolution
		{DBA81837-82BF-4184-BF79-C076CA112EA0}.Debug|Any CPU.ActiveCfg = Debug|Any CPU
		{DBA81837-82BF-4184-BF79-C076CA112EA0}.Debug|Any CPU.Build.0 = Debug|Any CPU
		{DBA81837-82BF-4184-BF79-C076CA112EA0}.Release|Any CPU.ActiveCfg = Release|Any CPU
		{DBA81837-82BF-4184-BF79-C076CA112EA0}.Release|Any CPU.Build.0 = Release|Any CPU
	EndGlobalSection
	GlobalSection(SolutionProperties) = preSolution
		HideSolutionNode = FALSE
	EndGlobalSection
	GlobalSection(ExtensibilityGlobals) = postSolution
		SolutionGuid = {A71239E1-0B5F-4FAA-B1DB-1F4E36AD9936}
	EndGlobalSection
EndGlobal
